
Microsoft Visual Studio Solution File, Format Version 12.00
# Visual Studio Version 16
VisualStudioVersion = 16.0.32106.194
MinimumVisualStudioVersion = 10.0.40219.1
Project("{FAE04EC0-301F-11D3-BF4B-00C04F79EFBC}") = "1-PrimeiroProjeto", "1-PrimeiroProjeto\1-PrimeiroProjeto.csproj", "{2761243C-B6CB-4309-A241-2E26D3E53293}"
EndProject
Project("{FAE04EC0-301F-11D3-BF4B-00C04F79EFBC}") = "2-CriandoVariaveis", "2-CriandoVariaveis\2-CriandoVariaveis.csproj", "{DE4B3447-F4BF-42A5-9116-1949A66CB4BF}"
EndProject
Project("{FAE04EC0-301F-11D3-BF4B-00C04F79EFBC}") = "3-CriandoVariaveisPontoFlutuantes", "3-CriandoVariaveisPontoFlutuantes\3-CriandoVariaveisPontoFlutuantes.csproj", "{BEA33DAF-8BF6-4772-A881-276149845A7E}"
EndProject
Project("{FAE04EC0-301F-11D3-BF4B-00C04F79EFBC}") = "4-ConversoesEOutrosTiposNumericos", "4-ConversoesEOutrosTiposNumericos\4-ConversoesEOutrosTiposNumericos.csproj", "{BF600170-26F7-440E-A9E9-5AFBC7554B4C}"
EndProject
Project("{FAE04EC0-301F-11D3-BF4B-00C04F79EFBC}") = "5-CaracteresETextos", "5-CaracteresETextos\5-CaracteresETextos.csproj", "{CF51602D-2A43-4005-A3A7-A2DA4AC404A0}"
EndProject
Global
	GlobalSection(SolutionConfigurationPlatforms) = preSolution
		Debug|Any CPU = Debug|Any CPU
		Release|Any CPU = Release|Any CPU
	EndGlobalSection
	GlobalSection(ProjectConfigurationPlatforms) = postSolution
		{2761243C-B6CB-4309-A241-2E26D3E53293}.Debug|Any CPU.ActiveCfg = Debug|Any CPU
		{2761243C-B6CB-4309-A241-2E26D3E53293}.Debug|Any CPU.Build.0 = Debug|Any CPU
		{2761243C-B6CB-4309-A241-2E26D3E53293}.Release|Any CPU.ActiveCfg = Release|Any CPU
		{2761243C-B6CB-4309-A241-2E26D3E53293}.Release|Any CPU.Build.0 = Release|Any CPU
		{DE4B3447-F4BF-42A5-9116-1949A66CB4BF}.Debug|Any CPU.ActiveCfg = Debug|Any CPU
		{DE4B3447-F4BF-42A5-9116-1949A66CB4BF}.Debug|Any CPU.Build.0 = Debug|Any CPU
		{DE4B3447-F4BF-42A5-9116-1949A66CB4BF}.Release|Any CPU.ActiveCfg = Release|Any CPU
		{DE4B3447-F4BF-42A5-9116-1949A66CB4BF}.Release|Any CPU.Build.0 = Release|Any CPU
		{BEA33DAF-8BF6-4772-A881-276149845A7E}.Debug|Any CPU.ActiveCfg = Debug|Any CPU
		{BEA33DAF-8BF6-4772-A881-276149845A7E}.Debug|Any CPU.Build.0 = Debug|Any CPU
		{BEA33DAF-8BF6-4772-A881-276149845A7E}.Release|Any CPU.ActiveCfg = Release|Any CPU
		{BEA33DAF-8BF6-4772-A881-276149845A7E}.Release|Any CPU.Build.0 = Release|Any CPU
		{BF600170-26F7-440E-A9E9-5AFBC7554B4C}.Debug|Any CPU.ActiveCfg = Debug|Any CPU
		{BF600170-26F7-440E-A9E9-5AFBC7554B4C}.Debug|Any CPU.Build.0 = Debug|Any CPU
		{BF600170-26F7-440E-A9E9-5AFBC7554B4C}.Release|Any CPU.ActiveCfg = Release|Any CPU
		{BF600170-26F7-440E-A9E9-5AFBC7554B4C}.Release|Any CPU.Build.0 = Release|Any CPU
		{CF51602D-2A43-4005-A3A7-A2DA4AC404A0}.Debug|Any CPU.ActiveCfg = Debug|Any CPU
		{CF51602D-2A43-4005-A3A7-A2DA4AC404A0}.Debug|Any CPU.Build.0 = Debug|Any CPU
		{CF51602D-2A43-4005-A3A7-A2DA4AC404A0}.Release|Any CPU.ActiveCfg = Release|Any CPU
		{CF51602D-2A43-4005-A3A7-A2DA4AC404A0}.Release|Any CPU.Build.0 = Release|Any CPU
	EndGlobalSection
	GlobalSection(SolutionProperties) = preSolution
		HideSolutionNode = FALSE
	EndGlobalSection
	GlobalSection(ExtensibilityGlobals) = postSolution
		SolutionGuid = {78F0A28C-E3C8-48C7-ABAE-ED766CFC0DC4}
	EndGlobalSection
EndGlobal
